<Solution>
  <Folder Name="/Solution Items/">
    <File Path=".editorconfig" />
    <File Path="DefaultDocumentation.json" />
    <File Path="Directory.Build.props" />
    <File Path="Directory.Build.targets" />
  </Folder>
  <Project Path="DiGi.Rhino.Core/DiGi.Rhino.Core.csproj" />
  <Project Path="DiGi.Rhino.Geometry/DiGi.Rhino.Geometry.csproj" />
</Solution>
